
Microsoft Visual Studio Solution File, Format Version 12.00
# Visual Studio Version 16
VisualStudioVersion = 16.0.29001.49
MinimumVisualStudioVersion = 10.0.40219.1
Project("{FAE04EC0-301F-11D3-BF4B-00C04F79EFBC}") = "Bingo", "Bingo\Bingo.csproj", "{FFDB2587-BFB9-40E3-B5B4-B44F69E517C8}"
EndProject
Global
	GlobalSection(SolutionConfigurationPlatforms) = preSolution
		Debug|Any CPU = Debug|Any CPU
		Release|Any CPU = Release|Any CPU
	EndGlobalSection
	GlobalSection(ProjectConfigurationPlatforms) = postSolution
		{FFDB2587-BFB9-40E3-B5B4-B44F69E517C8}.Debug|Any CPU.ActiveCfg = Debug|Any CPU
		{FFDB2587-BFB9-40E3-B5B4-B44F69E517C8}.Debug|Any CPU.Build.0 = Debug|Any CPU
		{FFDB2587-BFB9-40E3-B5B4-B44F69E517C8}.Release|Any CPU.ActiveCfg = Release|Any CPU
		{FFDB2587-BFB9-40E3-B5B4-B44F69E517C8}.Release|Any CPU.Build.0 = Release|Any CPU
	EndGlobalSection
	GlobalSection(SolutionProperties) = preSolution
		HideSolutionNode = FALSE
	EndGlobalSection
	GlobalSection(ExtensibilityGlobals) = postSolution
		SolutionGuid = {8EF25805-5537-4BBF-9C0A-0B38D7BA4A97}
	EndGlobalSection
EndGlobal
